
Microsoft Visual Studio Solution File, Format Version 12.00
# Visual Studio Version 17
VisualStudioVersion = 17.7.34009.444
MinimumVisualStudioVersion = 10.0.40219.1
Project("{FAE04EC0-301F-11D3-BF4B-00C04F79EFBC}") = "Blazor_Math_Quiz", "Blazor_Math_Quiz\Blazor_Math_Quiz.csproj", "{813AF5A4-B552-4251-A555-48040AF40974}"
EndProject
Global
	GlobalSection(SolutionConfigurationPlatforms) = preSolution
		Debug|Any CPU = Debug|Any CPU
		Release|Any CPU = Release|Any CPU
	EndGlobalSection
	GlobalSection(ProjectConfigurationPlatforms) = postSolution
		{813AF5A4-B552-4251-A555-48040AF40974}.Debug|Any CPU.ActiveCfg = Debug|Any CPU
		{813AF5A4-B552-4251-A555-48040AF40974}.Debug|Any CPU.Build.0 = Debug|Any CPU
		{813AF5A4-B552-4251-A555-48040AF40974}.Release|Any CPU.ActiveCfg = Release|Any CPU
		{813AF5A4-B552-4251-A555-48040AF40974}.Release|Any CPU.Build.0 = Release|Any CPU
	EndGlobalSection
	GlobalSection(SolutionProperties) = preSolution
		HideSolutionNode = FALSE
	EndGlobalSection
	GlobalSection(ExtensibilityGlobals) = postSolution
		SolutionGuid = {A34F5745-F58C-46D9-85AF-DBFA58FFA7DF}
	EndGlobalSection
EndGlobal
