
Microsoft Visual Studio Solution File, Format Version 12.00
# Visual Studio Version 17
VisualStudioVersion = 17.1.32210.238
MinimumVisualStudioVersion = 10.0.40219.1
Project("{FAE04EC0-301F-11D3-BF4B-00C04F79EFBC}") = "Math_Quiz_Console_App", "Math_Quiz_Console_App\Math_Quiz_Console_App.csproj", "{4EA6D4F3-14B0-43F9-BB10-56F802AE70CD}"
EndProject
Global
	GlobalSection(SolutionConfigurationPlatforms) = preSolution
		Debug|Any CPU = Debug|Any CPU
		Release|Any CPU = Release|Any CPU
	EndGlobalSection
	GlobalSection(ProjectConfigurationPlatforms) = postSolution
		{4EA6D4F3-14B0-43F9-BB10-56F802AE70CD}.Debug|Any CPU.ActiveCfg = Debug|Any CPU
		{4EA6D4F3-14B0-43F9-BB10-56F802AE70CD}.Debug|Any CPU.Build.0 = Debug|Any CPU
		{4EA6D4F3-14B0-43F9-BB10-56F802AE70CD}.Release|Any CPU.ActiveCfg = Release|Any CPU
		{4EA6D4F3-14B0-43F9-BB10-56F802AE70CD}.Release|Any CPU.Build.0 = Release|Any CPU
	EndGlobalSection
	GlobalSection(SolutionProperties) = preSolution
		HideSolutionNode = FALSE
	EndGlobalSection
	GlobalSection(ExtensibilityGlobals) = postSolution
		SolutionGuid = {E748FED0-FBCA-4580-9EF7-9E05CEA5D59A}
	EndGlobalSection
EndGlobal
