
Microsoft Visual Studio Solution File, Format Version 12.00
# Visual Studio Version 17
VisualStudioVersion = 17.1.32210.238
MinimumVisualStudioVersion = 10.0.40219.1
Project("{FAE04EC0-301F-11D3-BF4B-00C04F79EFBC}") = "Blazor_Math_Quiz", "Blazor_Math_Quiz\Blazor_Math_Quiz.csproj", "{5763BD30-7E8B-418A-8E8B-499E0156B1D5}"
EndProject
Global
	GlobalSection(SolutionConfigurationPlatforms) = preSolution
		Debug|Any CPU = Debug|Any CPU
		Release|Any CPU = Release|Any CPU
	EndGlobalSection
	GlobalSection(ProjectConfigurationPlatforms) = postSolution
		{5763BD30-7E8B-418A-8E8B-499E0156B1D5}.Debug|Any CPU.ActiveCfg = Debug|Any CPU
		{5763BD30-7E8B-418A-8E8B-499E0156B1D5}.Debug|Any CPU.Build.0 = Debug|Any CPU
		{5763BD30-7E8B-418A-8E8B-499E0156B1D5}.Release|Any CPU.ActiveCfg = Release|Any CPU
		{5763BD30-7E8B-418A-8E8B-499E0156B1D5}.Release|Any CPU.Build.0 = Release|Any CPU
	EndGlobalSection
	GlobalSection(SolutionProperties) = preSolution
		HideSolutionNode = FALSE
	EndGlobalSection
	GlobalSection(ExtensibilityGlobals) = postSolution
		SolutionGuid = {2F2CC64A-ED3C-4DCE-B703-980FEBAD9A02}
	EndGlobalSection
EndGlobal
