
Microsoft Visual Studio Solution File, Format Version 12.00
# Visual Studio Version 17
VisualStudioVersion = 17.8.34004.107
MinimumVisualStudioVersion = 10.0.40219.1
Project("{FAE04EC0-301F-11D3-BF4B-00C04F79EFBC}") = "AnimalMatchingGame_Web_App", "AnimalMatchingGame_Web_App\AnimalMatchingGame_Web_App.csproj", "{20ADC7A6-5F69-4696-8568-D78D212D0E25}"
EndProject
Global
	GlobalSection(SolutionConfigurationPlatforms) = preSolution
		Debug|Any CPU = Debug|Any CPU
		Release|Any CPU = Release|Any CPU
	EndGlobalSection
	GlobalSection(ProjectConfigurationPlatforms) = postSolution
		{20ADC7A6-5F69-4696-8568-D78D212D0E25}.Debug|Any CPU.ActiveCfg = Debug|Any CPU
		{20ADC7A6-5F69-4696-8568-D78D212D0E25}.Debug|Any CPU.Build.0 = Debug|Any CPU
		{20ADC7A6-5F69-4696-8568-D78D212D0E25}.Release|Any CPU.ActiveCfg = Release|Any CPU
		{20ADC7A6-5F69-4696-8568-D78D212D0E25}.Release|Any CPU.Build.0 = Release|Any CPU
	EndGlobalSection
	GlobalSection(SolutionProperties) = preSolution
		HideSolutionNode = FALSE
	EndGlobalSection
	GlobalSection(ExtensibilityGlobals) = postSolution
		SolutionGuid = {68543EBF-E8CE-4489-8494-7A6A0FF65648}
	EndGlobalSection
EndGlobal
