
Microsoft Visual Studio Solution File, Format Version 12.00
# Visual Studio Version 17
VisualStudioVersion = 17.7.34009.444
MinimumVisualStudioVersion = 10.0.40219.1
Project("{FAE04EC0-301F-11D3-BF4B-00C04F79EFBC}") = "My_First_Blazor_App", "My_First_Blazor_App\My_First_Blazor_App.csproj", "{562A718C-ECA7-4422-95D0-BFCC899BD761}"
EndProject
Global
	GlobalSection(SolutionConfigurationPlatforms) = preSolution
		Debug|Any CPU = Debug|Any CPU
		Release|Any CPU = Release|Any CPU
	EndGlobalSection
	GlobalSection(ProjectConfigurationPlatforms) = postSolution
		{562A718C-ECA7-4422-95D0-BFCC899BD761}.Debug|Any CPU.ActiveCfg = Debug|Any CPU
		{562A718C-ECA7-4422-95D0-BFCC899BD761}.Debug|Any CPU.Build.0 = Debug|Any CPU
		{562A718C-ECA7-4422-95D0-BFCC899BD761}.Release|Any CPU.ActiveCfg = Release|Any CPU
		{562A718C-ECA7-4422-95D0-BFCC899BD761}.Release|Any CPU.Build.0 = Release|Any CPU
	EndGlobalSection
	GlobalSection(SolutionProperties) = preSolution
		HideSolutionNode = FALSE
	EndGlobalSection
	GlobalSection(ExtensibilityGlobals) = postSolution
		SolutionGuid = {96DE5CDF-A6D8-4DA8-942C-DAC83E296CBF}
	EndGlobalSection
EndGlobal
